<?xml version="1.0" encoding="UTF-8" standalone="yes" ?>
<CodeBlocks_project_file>
	<FileVersion major="1" minor="6" />
	<Project>
		<Option title="zlog" />
		<Option pch_mode="2" />
		<Option compiler="gcc" />
		<Build>
			<Target title="Debug">
				<Option output="bin/Debug/zlog" prefix_auto="1" extension_auto="1" />
				<Option object_output="obj/Debug/" />
				<Option type="3" />
				<Option compiler="gcc" />
				<Option createDefFile="1" />
				<Option createStaticLib="1" />
				<Compiler>
					<Add option="-Wall" />
					<Add option="-std=c99" />
					<Add option="-fPIC" />
					<Add option="-m32" />
					<Add option="-g" />
					<Add option="-DBUILD_DLL" />
				</Compiler>
				<Linker>
					<Add option="-static-libgcc" />
					<Add option="-static" />
					<Add option="-m32" />
					<Add library="user32" />
					<Add library="ws2_32" />
					<Add library="unixemd" />
				</Linker>
			</Target>
			<Target title="Release">
				<Option output="bin/Release/zlog" prefix_auto="1" extension_auto="1" />
				<Option object_output="obj/Release/" />
				<Option type="3" />
				<Option compiler="gcc" />
				<Option createDefFile="1" />
				<Option createStaticLib="1" />
				<Compiler>
					<Add option="-O2" />
					<Add option="-Wall" />
					<Add option="-std=c99" />
					<Add option="-fPIC" />
					<Add option="-m32" />
					<Add option="-DBUILD_DLL" />
				</Compiler>
				<Linker>
					<Add option="-s" />
					<Add option="-static-libgcc" />
					<Add option="-static" />
					<Add option="-m32" />
					<Add library="user32" />
					<Add library="ws2_32" />
					<Add library="unixem" />
				</Linker>
			</Target>
		</Build>
		<Compiler>
			<Add directory="$(#unixem.include)" />
			<Add directory="../src" />
		</Compiler>
		<Linker>
			<Add directory="$(#unixem.lib)" />
		</Linker>
		<Unit filename="../src/buf.c">
			<Option compilerVar="CC" />
		</Unit>
		<Unit filename="../src/buf.h" />
		<Unit filename="../src/category.c">
			<Option compilerVar="CC" />
		</Unit>
		<Unit filename="../src/category.h" />
		<Unit filename="../src/category_table.c">
			<Option compilerVar="CC" />
		</Unit>
		<Unit filename="../src/category_table.h" />
		<Unit filename="../src/conf.c">
			<Option compilerVar="CC" />
		</Unit>
		<Unit filename="../src/conf.h" />
		<Unit filename="../src/event.c">
			<Option compilerVar="CC" />
		</Unit>
		<Unit filename="../src/event.h" />
		<Unit filename="../src/fmacros.h" />
		<Unit filename="../src/format.c">
			<Option compilerVar="CC" />
		</Unit>
		<Unit filename="../src/format.h" />
		<Unit filename="../src/level.c">
			<Option compilerVar="CC" />
		</Unit>
		<Unit filename="../src/level.h" />
		<Unit filename="../src/level_list.c">
			<Option compilerVar="CC" />
		</Unit>
		<Unit filename="../src/level_list.h" />
		<Unit filename="../src/lockfile.c">
			<Option compilerVar="CC" />
		</Unit>
		<Unit filename="../src/lockfile.h" />
		<Unit filename="../src/mdc.c">
			<Option compilerVar="CC" />
		</Unit>
		<Unit filename="../src/mdc.h" />
		<Unit filename="../src/record.c">
			<Option compilerVar="CC" />
		</Unit>
		<Unit filename="../src/record.h" />
		<Unit filename="../src/record_table.c">
			<Option compilerVar="CC" />
		</Unit>
		<Unit filename="../src/record_table.h" />
		<Unit filename="../src/rotater.c">
			<Option compilerVar="CC" />
		</Unit>
		<Unit filename="../src/rotater.h" />
		<Unit filename="../src/rule.c">
			<Option compilerVar="CC" />
		</Unit>
		<Unit filename="../src/rule.h" />
		<Unit filename="../src/spec.c">
			<Option compilerVar="CC" />
		</Unit>
		<Unit filename="../src/spec.h" />
		<Unit filename="../src/thread.c">
			<Option compilerVar="CC" />
		</Unit>
		<Unit filename="../src/thread.h" />
		<Unit filename="../src/version.h" />
		<Unit filename="../src/zc_arraylist.c">
			<Option compilerVar="CC" />
		</Unit>
		<Unit filename="../src/zc_arraylist.h" />
		<Unit filename="../src/zc_defs.h" />
		<Unit filename="../src/zc_hashtable.c">
			<Option compilerVar="CC" />
		</Unit>
		<Unit filename="../src/zc_hashtable.h" />
		<Unit filename="../src/zc_profile.c">
			<Option compilerVar="CC" />
		</Unit>
		<Unit filename="../src/zc_profile.h" />
		<Unit filename="../src/zc_util.c">
			<Option compilerVar="CC" />
		</Unit>
		<Unit filename="../src/zc_util.h" />
		<Unit filename="../src/zc_xplatform.h" />
		<Unit filename="../src/zlog.c">
			<Option compilerVar="CC" />
		</Unit>
		<Unit filename="../src/zlog.h" />
		<Unit filename="../src/zlog_win.c">
			<Option compilerVar="CC" />
		</Unit>
		<Unit filename="../src/zlog_win.h" />
		<Extensions>
			<code_completion />
			<envvars />
			<debugger />
		</Extensions>
	</Project>
</CodeBlocks_project_file>
